// !$*UTF8*$!
{
	archiveVersion = 1;
	classes = {
	};
	objectVersion = 52;
	objects = {

/* Begin PBXBuildFile section */
		A658C47C25FBA2EB00AF1AC0 /* AppDelegate.swift in Sources */ = {isa = PBXBuildFile; fileRef = A658C47B25FBA2EB00AF1AC0 /* AppDelegate.swift */; };
		A658C47E25FBA2EB00AF1AC0 /* SceneDelegate.swift in Sources */ = {isa = PBXBuildFile; fileRef = A658C47D25FBA2EB00AF1AC0 /* SceneDelegate.swift */; };
		A658C48025FBA2EB00AF1AC0 /* TimelineViewController.swift in Sources */ = {isa = PBXBuildFile; fileRef = A658C47F25FBA2EB00AF1AC0 /* TimelineViewController.swift */; };
		A658C48525FBA2EC00AF1AC0 /* Assets.xcassets in Resources */ = {isa = PBXBuildFile; fileRef = A658C48425FBA2EC00AF1AC0 /* Assets.xcassets */; };
		A658C48825FBA2EC00AF1AC0 /* LaunchScreen.storyboard in Resources */ = {isa = PBXBuildFile; fileRef = A658C48625FBA2EC00AF1AC0 /* LaunchScreen.storyboard */; };
		A658C4AA25FF9AEA00AF1AC0 /* TableViewCell.swift in Sources */ = {isa = PBXBuildFile; fileRef = A658C4A925FF9AEA00AF1AC0 /* TableViewCell.swift */; };
		A658C4AD25FF9BE300AF1AC0 /* Task.swift in Sources */ = {isa = PBXBuildFile; fileRef = A658C4AC25FF9BE300AF1AC0 /* Task.swift */; };
		A658C527260231CF00AF1AC0 /* FSCalendar in Frameworks */ = {isa = PBXBuildFile; productRef = A658C526260231CF00AF1AC0 /* FSCalendar */; };
		A658C53E26032FAF00AF1AC0 /* JsonFileAPIServise.swift in Sources */ = {isa = PBXBuildFile; fileRef = A658C53D26032FAF00AF1AC0 /* JsonFileAPIServise.swift */; };
		A658C54126032FDB00AF1AC0 /* DescriptionViewController.swift in Sources */ = {isa = PBXBuildFile; fileRef = A658C54026032FDB00AF1AC0 /* DescriptionViewController.swift */; };
		A6644BB42607103000A2A722 /* Main.storyboard in Resources */ = {isa = PBXBuildFile; fileRef = A6644BB32607103000A2A722 /* Main.storyboard */; };
		A6644BBC2607192F00A2A722 /* TaskReceiveService.swift in Sources */ = {isa = PBXBuildFile; fileRef = A6644BBB2607192F00A2A722 /* TaskReceiveService.swift */; };
		A6644BBF26071C4600A2A722 /* APIService.swift in Sources */ = {isa = PBXBuildFile; fileRef = A6644BBE26071C4600A2A722 /* APIService.swift */; };
		A6644BCD2607B7A200A2A722 /* AppRoot.swift in Sources */ = {isa = PBXBuildFile; fileRef = A6644BCC2607B7A200A2A722 /* AppRoot.swift */; };
		A6644BD52607BE6100A2A722 /* DataBase.json in Resources */ = {isa = PBXBuildFile; fileRef = A658C53A2603280D00AF1AC0 /* DataBase.json */; };
		A6644BD92607D25800A2A722 /* TaskCellView.swift in Sources */ = {isa = PBXBuildFile; fileRef = A6644BD82607D25800A2A722 /* TaskCellView.swift */; };
		A6644BE82607F17500A2A722 /* TaskCellView.xib in Resources */ = {isa = PBXBuildFile; fileRef = A6644BE72607F17500A2A722 /* TaskCellView.xib */; };
/* End PBXBuildFile section */

/* Begin PBXFileReference section */
		A658C47825FBA2EB00AF1AC0 /* TODO List.app */ = {isa = PBXFileReference; explicitFileType = wrapper.application; includeInIndex = 0; path = "TODO List.app"; sourceTree = BUILT_PRODUCTS_DIR; };
		A658C47B25FBA2EB00AF1AC0 /* AppDelegate.swift */ = {isa = PBXFileReference; lastKnownFileType = sourcecode.swift; path = AppDelegate.swift; sourceTree = "<group>"; };
		A658C47D25FBA2EB00AF1AC0 /* SceneDelegate.swift */ = {isa = PBXFileReference; lastKnownFileType = sourcecode.swift; path = SceneDelegate.swift; sourceTree = "<group>"; };
		A658C47F25FBA2EB00AF1AC0 /* TimelineViewController.swift */ = {isa = PBXFileReference; lastKnownFileType = sourcecode.swift; path = TimelineViewController.swift; sourceTree = "<group>"; };
		A658C48425FBA2EC00AF1AC0 /* Assets.xcassets */ = {isa = PBXFileReference; lastKnownFileType = folder.assetcatalog; path = Assets.xcassets; sourceTree = "<group>"; };
		A658C48725FBA2EC00AF1AC0 /* Base */ = {isa = PBXFileReference; lastKnownFileType = file.storyboard; name = Base; path = Base.lproj/LaunchScreen.storyboard; sourceTree = "<group>"; };
		A658C48925FBA2EC00AF1AC0 /* Info.plist */ = {isa = PBXFileReference; lastKnownFileType = text.plist.xml; path = Info.plist; sourceTree = "<group>"; };
		A658C4A925FF9AEA00AF1AC0 /* TableViewCell.swift */ = {isa = PBXFileReference; lastKnownFileType = sourcecode.swift; path = TableViewCell.swift; sourceTree = "<group>"; };
		A658C4AC25FF9BE300AF1AC0 /* Task.swift */ = {isa = PBXFileReference; lastKnownFileType = sourcecode.swift; path = Task.swift; sourceTree = "<group>"; };
		A658C53A2603280D00AF1AC0 /* DataBase.json */ = {isa = PBXFileReference; lastKnownFileType = text.json; path = DataBase.json; sourceTree = "<group>"; };
		A658C53D26032FAF00AF1AC0 /* JsonFileAPIServise.swift */ = {isa = PBXFileReference; lastKnownFileType = sourcecode.swift; path = JsonFileAPIServise.swift; sourceTree = "<group>"; };
		A658C54026032FDB00AF1AC0 /* DescriptionViewController.swift */ = {isa = PBXFileReference; lastKnownFileType = sourcecode.swift; path = DescriptionViewController.swift; sourceTree = "<group>"; };
		A6644BB32607103000A2A722 /* Main.storyboard */ = {isa = PBXFileReference; lastKnownFileType = file.storyboard; path = Main.storyboard; sourceTree = "<group>"; };
		A6644BBB2607192F00A2A722 /* TaskReceiveService.swift */ = {isa = PBXFileReference; lastKnownFileType = sourcecode.swift; path = TaskReceiveService.swift; sourceTree = "<group>"; };
		A6644BBE26071C4600A2A722 /* APIService.swift */ = {isa = PBXFileReference; lastKnownFileType = sourcecode.swift; path = APIService.swift; sourceTree = "<group>"; };
		A6644BCC2607B7A200A2A722 /* AppRoot.swift */ = {isa = PBXFileReference; lastKnownFileType = sourcecode.swift; path = AppRoot.swift; sourceTree = "<group>"; };
		A6644BD82607D25800A2A722 /* TaskCellView.swift */ = {isa = PBXFileReference; lastKnownFileType = sourcecode.swift; path = TaskCellView.swift; sourceTree = "<group>"; };
		A6644BE72607F17500A2A722 /* TaskCellView.xib */ = {isa = PBXFileReference; lastKnownFileType = file.xib; path = TaskCellView.xib; sourceTree = "<group>"; };
/* End PBXFileReference section */

/* Begin PBXFrameworksBuildPhase section */
		A658C47525FBA2EB00AF1AC0 /* Frameworks */ = {
			isa = PBXFrameworksBuildPhase;
			buildActionMask = 2147483647;
			files = (
				A658C527260231CF00AF1AC0 /* FSCalendar in Frameworks */,
			);
			runOnlyForDeploymentPostprocessing = 0;
		};
/* End PBXFrameworksBuildPhase section */

/* Begin PBXGroup section */
		A658C46F25FBA2EB00AF1AC0 = {
			isa = PBXGroup;
			children = (
				A658C47A25FBA2EB00AF1AC0 /* TODO List */,
				A658C47925FBA2EB00AF1AC0 /* Products */,
			);
			sourceTree = "<group>";
		};
		A658C47925FBA2EB00AF1AC0 /* Products */ = {
			isa = PBXGroup;
			children = (
				A658C47825FBA2EB00AF1AC0 /* TODO List.app */,
			);
			name = Products;
			sourceTree = "<group>";
		};
		A658C47A25FBA2EB00AF1AC0 /* TODO List */ = {
			isa = PBXGroup;
			children = (
				A658C47B25FBA2EB00AF1AC0 /* AppDelegate.swift */,
				A658C47D25FBA2EB00AF1AC0 /* SceneDelegate.swift */,
				A658C49325FF376200AF1AC0 /* Model */,
				A658C49225FF375900AF1AC0 /* View */,
				A658C49125FF373200AF1AC0 /* Controller */,
				A6644BBA260718F400A2A722 /* Services */,
				A658C48425FBA2EC00AF1AC0 /* Assets.xcassets */,
				A658C48625FBA2EC00AF1AC0 /* LaunchScreen.storyboard */,
				A658C48925FBA2EC00AF1AC0 /* Info.plist */,
				A6644BCC2607B7A200A2A722 /* AppRoot.swift */,
			);
			path = "TODO List";
			sourceTree = "<group>";
		};
		A658C49125FF373200AF1AC0 /* Controller */ = {
			isa = PBXGroup;
			children = (
				A658C47F25FBA2EB00AF1AC0 /* TimelineViewController.swift */,
				A658C4A925FF9AEA00AF1AC0 /* TableViewCell.swift */,
				A658C54026032FDB00AF1AC0 /* DescriptionViewController.swift */,
			);
			path = Controller;
			sourceTree = "<group>";
		};
		A658C49225FF375900AF1AC0 /* View */ = {
			isa = PBXGroup;
			children = (
				A6644BB32607103000A2A722 /* Main.storyboard */,
				A6644BD82607D25800A2A722 /* TaskCellView.swift */,
				A6644BE72607F17500A2A722 /* TaskCellView.xib */,
			);
			path = View;
			sourceTree = "<group>";
		};
		A658C49325FF376200AF1AC0 /* Model */ = {
			isa = PBXGroup;
			children = (
				A658C4AC25FF9BE300AF1AC0 /* Task.swift */,
			);
			path = Model;
			sourceTree = "<group>";
		};
		A658C53C26032F8700AF1AC0 /* Network */ = {
			isa = PBXGroup;
			children = (
				A658C53A2603280D00AF1AC0 /* DataBase.json */,
				A658C53D26032FAF00AF1AC0 /* JsonFileAPIServise.swift */,
				A6644BBE26071C4600A2A722 /* APIService.swift */,
			);
			path = Network;
			sourceTree = "<group>";
		};
		A6644BBA260718F400A2A722 /* Services */ = {
			isa = PBXGroup;
			children = (
				A658C53C26032F8700AF1AC0 /* Network */,
				A6644BBB2607192F00A2A722 /* TaskReceiveService.swift */,
			);
			path = Services;
			sourceTree = "<group>";
		};
/* End PBXGroup section */

/* Begin PBXNativeTarget section */
		A658C47725FBA2EB00AF1AC0 /* TODO List */ = {
			isa = PBXNativeTarget;
			buildConfigurationList = A658C48C25FBA2EC00AF1AC0 /* Build configuration list for PBXNativeTarget "TODO List" */;
			buildPhases = (
				A658C47425FBA2EB00AF1AC0 /* Sources */,
				A658C47525FBA2EB00AF1AC0 /* Frameworks */,
				A658C47625FBA2EB00AF1AC0 /* Resources */,
			);
			buildRules = (
			);
			dependencies = (
			);
			name = "TODO List";
			packageProductDependencies = (
				A658C526260231CF00AF1AC0 /* FSCalendar */,
			);
			productName = "TODO List";
			productReference = A658C47825FBA2EB00AF1AC0 /* TODO List.app */;
			productType = "com.apple.product-type.application";
		};
/* End PBXNativeTarget section */

/* Begin PBXProject section */
		A658C47025FBA2EB00AF1AC0 /* Project object */ = {
			isa = PBXProject;
			attributes = {
				LastSwiftUpdateCheck = 1200;
				LastUpgradeCheck = 1200;
				TargetAttributes = {
					A658C47725FBA2EB00AF1AC0 = {
						CreatedOnToolsVersion = 12.0.1;
					};
				};
			};
			buildConfigurationList = A658C47325FBA2EB00AF1AC0 /* Build configuration list for PBXProject "TODO List" */;
			compatibilityVersion = "Xcode 9.3";
			developmentRegion = en;
			hasScannedForEncodings = 0;
			knownRegions = (
				en,
				Base,
			);
			mainGroup = A658C46F25FBA2EB00AF1AC0;
			packageReferences = (
				A658C525260231CF00AF1AC0 /* XCRemoteSwiftPackageReference "FSCalendar" */,
			);
			productRefGroup = A658C47925FBA2EB00AF1AC0 /* Products */;
			projectDirPath = "";
			projectRoot = "";
			targets = (
				A658C47725FBA2EB00AF1AC0 /* TODO List */,
			);
		};
/* End PBXProject section */

/* Begin PBXResourcesBuildPhase section */
		A658C47625FBA2EB00AF1AC0 /* Resources */ = {
			isa = PBXResourcesBuildPhase;
			buildActionMask = 2147483647;
			files = (
				A6644BD52607BE6100A2A722 /* DataBase.json in Resources */,
				A658C48825FBA2EC00AF1AC0 /* LaunchScreen.storyboard in Resources */,
				A658C48525FBA2EC00AF1AC0 /* Assets.xcassets in Resources */,
				A6644BB42607103000A2A722 /* Main.storyboard in Resources */,
				A6644BE82607F17500A2A722 /* TaskCellView.xib in Resources */,
			);
			runOnlyForDeploymentPostprocessing = 0;
		};
/* End PBXResourcesBuildPhase section */

/* Begin PBXSourcesBuildPhase section */
		A658C47425FBA2EB00AF1AC0 /* Sources */ = {
			isa = PBXSourcesBuildPhase;
			buildActionMask = 2147483647;
			files = (
				A658C4AD25FF9BE300AF1AC0 /* Task.swift in Sources */,
				A658C54126032FDB00AF1AC0 /* DescriptionViewController.swift in Sources */,
				A6644BBF26071C4600A2A722 /* APIService.swift in Sources */,
				A6644BBC2607192F00A2A722 /* TaskReceiveService.swift in Sources */,
				A658C48025FBA2EB00AF1AC0 /* TimelineViewController.swift in Sources */,
				A658C4AA25FF9AEA00AF1AC0 /* TableViewCell.swift in Sources */,
				A658C47C25FBA2EB00AF1AC0 /* AppDelegate.swift in Sources */,
				A658C53E26032FAF00AF1AC0 /* JsonFileAPIServise.swift in Sources */,
				A658C47E25FBA2EB00AF1AC0 /* SceneDelegate.swift in Sources */,
				A6644BD92607D25800A2A722 /* TaskCellView.swift in Sources */,
				A6644BCD2607B7A200A2A722 /* AppRoot.swift in Sources */,
			);
			runOnlyForDeploymentPostprocessing = 0;
		};
/* End PBXSourcesBuildPhase section */

/* Begin PBXVariantGroup section */
		A658C48625FBA2EC00AF1AC0 /* LaunchScreen.storyboard */ = {
			isa = PBXVariantGroup;
			children = (
				A658C48725FBA2EC00AF1AC0 /* Base */,
			);
			name = LaunchScreen.storyboard;
			sourceTree = "<group>";
		};
/* End PBXVariantGroup section */

/* Begin XCBuildConfiguration section */
		A658C48A25FBA2EC00AF1AC0 /* Debug */ = {
			isa = XCBuildConfiguration;
			buildSettings = {
				ALWAYS_SEARCH_USER_PATHS = NO;
				CLANG_ANALYZER_NONNULL = YES;
				CLANG_ANALYZER_NUMBER_OBJECT_CONVERSION = YES_AGGRESSIVE;
				CLANG_CXX_LANGUAGE_STANDARD = "gnu++14";
				CLANG_CXX_LIBRARY = "libc++";
				CLANG_ENABLE_MODULES = YES;
				CLANG_ENABLE_OBJC_ARC = YES;
				CLANG_ENABLE_OBJC_WEAK = YES;
				CLANG_WARN_BLOCK_CAPTURE_AUTORELEASING = YES;
				CLANG_WARN_BOOL_CONVERSION = YES;
				CLANG_WARN_COMMA = YES;
				CLANG_WARN_CONSTANT_CONVERSION = YES;
				CLANG_WARN_DEPRECATED_OBJC_IMPLEMENTATIONS = YES;
				CLANG_WARN_DIRECT_OBJC_ISA_USAGE = YES_ERROR;
				CLANG_WARN_DOCUMENTATION_COMMENTS = YES;
				CLANG_WARN_EMPTY_BODY = YES;
				CLANG_WARN_ENUM_CONVERSION = YES;
				CLANG_WARN_INFINITE_RECURSION = YES;
				CLANG_WARN_INT_CONVERSION = YES;
				CLANG_WARN_NON_LITERAL_NULL_CONVERSION = YES;
				CLANG_WARN_OBJC_IMPLICIT_RETAIN_SELF = YES;
				CLANG_WARN_OBJC_LITERAL_CONVERSION = YES;
				CLANG_WARN_OBJC_ROOT_CLASS = YES_ERROR;
				CLANG_WARN_QUOTED_INCLUDE_IN_FRAMEWORK_HEADER = YES;
				CLANG_WARN_RANGE_LOOP_ANALYSIS = YES;
				CLANG_WARN_STRICT_PROTOTYPES = YES;
				CLANG_WARN_SUSPICIOUS_MOVE = YES;
				CLANG_WARN_UNGUARDED_AVAILABILITY = YES_AGGRESSIVE;
				CLANG_WARN_UNREACHABLE_CODE = YES;
				CLANG_WARN__DUPLICATE_METHOD_MATCH = YES;
				COPY_PHASE_STRIP = NO;
				DEBUG_INFORMATION_FORMAT = dwarf;
				ENABLE_STRICT_OBJC_MSGSEND = YES;
				ENABLE_TESTABILITY = YES;
				GCC_C_LANGUAGE_STANDARD = gnu11;
				GCC_DYNAMIC_NO_PIC = NO;
				GCC_NO_COMMON_BLOCKS = YES;
				GCC_OPTIMIZATION_LEVEL = 0;
				GCC_PREPROCESSOR_DEFINITIONS = (
					"DEBUG=1",
					"$(inherited)",
				);
				GCC_WARN_64_TO_32_BIT_CONVERSION = YES;
				GCC_WARN_ABOUT_RETURN_TYPE = YES_ERROR;
				GCC_WARN_UNDECLARED_SELECTOR = YES;
				GCC_WARN_UNINITIALIZED_AUTOS = YES_AGGRESSIVE;
				GCC_WARN_UNUSED_FUNCTION = YES;
				GCC_WARN_UNUSED_VARIABLE = YES;
				IPHONEOS_DEPLOYMENT_TARGET = 14.0;
				MTL_ENABLE_DEBUG_INFO = INCLUDE_SOURCE;
				MTL_FAST_MATH = YES;
				ONLY_ACTIVE_ARCH = YES;
				SDKROOT = iphoneos;
				SWIFT_ACTIVE_COMPILATION_CONDITIONS = DEBUG;
				SWIFT_OPTIMIZATION_LEVEL = "-Onone";
			};
			name = Debug;
		};
		A658C48B25FBA2EC00AF1AC0 /* Release */ = {
			isa = XCBuildConfiguration;
			buildSettings = {
				ALWAYS_SEARCH_USER_PATHS = NO;
				CLANG_ANALYZER_NONNULL = YES;
				CLANG_ANALYZER_NUMBER_OBJECT_CONVERSION = YES_AGGRESSIVE;
				CLANG_CXX_LANGUAGE_STANDARD = "gnu++14";
				CLANG_CXX_LIBRARY = "libc++";
				CLANG_ENABLE_MODULES = YES;
				CLANG_ENABLE_OBJC_ARC = YES;
				CLANG_ENABLE_OBJC_WEAK = YES;
				CLANG_WARN_BLOCK_CAPTURE_AUTORELEASING = YES;
				CLANG_WARN_BOOL_CONVERSION = YES;
				CLANG_WARN_COMMA = YES;
				CLANG_WARN_CONSTANT_CONVERSION = YES;
				CLANG_WARN_DEPRECATED_OBJC_IMPLEMENTATIONS = YES;
				CLANG_WARN_DIRECT_OBJC_ISA_USAGE = YES_ERROR;
				CLANG_WARN_DOCUMENTATION_COMMENTS = YES;
				CLANG_WARN_EMPTY_BODY = YES;
				CLANG_WARN_ENUM_CONVERSION = YES;
				CLANG_WARN_INFINITE_RECURSION = YES;
				CLANG_WARN_INT_CONVERSION = YES;
				CLANG_WARN_NON_LITERAL_NULL_CONVERSION = YES;
				CLANG_WARN_OBJC_IMPLICIT_RETAIN_SELF = YES;
				CLANG_WARN_OBJC_LITERAL_CONVERSION = YES;
				CLANG_WARN_OBJC_ROOT_CLASS = YES_ERROR;
				CLANG_WARN_QUOTED_INCLUDE_IN_FRAMEWORK_HEADER = YES;
				CLANG_WARN_RANGE_LOOP_ANALYSIS = YES;
				CLANG_WARN_STRICT_PROTOTYPES = YES;
				CLANG_WARN_SUSPICIOUS_MOVE = YES;
				CLANG_WARN_UNGUARDED_AVAILABILITY = YES_AGGRESSIVE;
				CLANG_WARN_UNREACHABLE_CODE = YES;
				CLANG_WARN__DUPLICATE_METHOD_MATCH = YES;
				COPY_PHASE_STRIP = NO;
				DEBUG_INFORMATION_FORMAT = "dwarf-with-dsym";
				ENABLE_NS_ASSERTIONS = NO;
				ENABLE_STRICT_OBJC_MSGSEND = YES;
				GCC_C_LANGUAGE_STANDARD = gnu11;
				GCC_NO_COMMON_BLOCKS = YES;
				GCC_WARN_64_TO_32_BIT_CONVERSION = YES;
				GCC_WARN_ABOUT_RETURN_TYPE = YES_ERROR;
				GCC_WARN_UNDECLARED_SELECTOR = YES;
				GCC_WARN_UNINITIALIZED_AUTOS = YES_AGGRESSIVE;
				GCC_WARN_UNUSED_FUNCTION = YES;
				GCC_WARN_UNUSED_VARIABLE = YES;
				IPHONEOS_DEPLOYMENT_TARGET = 14.0;
				MTL_ENABLE_DEBUG_INFO = NO;
				MTL_FAST_MATH = YES;
				SDKROOT = iphoneos;
				SWIFT_COMPILATION_MODE = wholemodule;
				SWIFT_OPTIMIZATION_LEVEL = "-O";
				VALIDATE_PRODUCT = YES;
			};
			name = Release;
		};
		A658C48D25FBA2EC00AF1AC0 /* Debug */ = {
			isa = XCBuildConfiguration;
			buildSettings = {
				ASSETCATALOG_COMPILER_APPICON_NAME = AppIcon;
				ASSETCATALOG_COMPILER_GLOBAL_ACCENT_COLOR_NAME = AccentColor;
				CODE_SIGN_STYLE = Automatic;
				DEVELOPMENT_TEAM = A4647YNHF8;
				INFOPLIST_FILE = "TODO List/Info.plist";
				IPHONEOS_DEPLOYMENT_TARGET = 11.0;
				LD_RUNPATH_SEARCH_PATHS = (
					"$(inherited)",
					"@executable_path/Frameworks",
				);
				PRODUCT_BUNDLE_IDENTIFIER = "com.klyukay.eva.TODO-List";
				PRODUCT_NAME = "$(TARGET_NAME)";
				SWIFT_VERSION = 5.0;
				TARGETED_DEVICE_FAMILY = 1;
			};
			name = Debug;
		};
		A658C48E25FBA2EC00AF1AC0 /* Release */ = {
			isa = XCBuildConfiguration;
			buildSettings = {
				ASSETCATALOG_COMPILER_APPICON_NAME = AppIcon;
				ASSETCATALOG_COMPILER_GLOBAL_ACCENT_COLOR_NAME = AccentColor;
				CODE_SIGN_STYLE = Automatic;
				DEVELOPMENT_TEAM = A4647YNHF8;
				INFOPLIST_FILE = "TODO List/Info.plist";
				IPHONEOS_DEPLOYMENT_TARGET = 11.0;
				LD_RUNPATH_SEARCH_PATHS = (
					"$(inherited)",
					"@executable_path/Frameworks",
				);
				PRODUCT_BUNDLE_IDENTIFIER = "com.klyukay.eva.TODO-List";
				PRODUCT_NAME = "$(TARGET_NAME)";
				SWIFT_VERSION = 5.0;
				TARGETED_DEVICE_FAMILY = 1;
			};
			name = Release;
		};
/* End XCBuildConfiguration section */

/* Begin XCConfigurationList section */
		A658C47325FBA2EB00AF1AC0 /* Build configuration list for PBXProject "TODO List" */ = {
			isa = XCConfigurationList;
			buildConfigurations = (
				A658C48A25FBA2EC00AF1AC0 /* Debug */,
				A658C48B25FBA2EC00AF1AC0 /* Release */,
			);
			defaultConfigurationIsVisible = 0;
			defaultConfigurationName = Release;
		};
		A658C48C25FBA2EC00AF1AC0 /* Build configuration list for PBXNativeTarget "TODO List" */ = {
			isa = XCConfigurationList;
			buildConfigurations = (
				A658C48D25FBA2EC00AF1AC0 /* Debug */,
				A658C48E25FBA2EC00AF1AC0 /* Release */,
			);
			defaultConfigurationIsVisible = 0;
			defaultConfigurationName = Release;
		};
/* End XCConfigurationList section */

/* Begin XCRemoteSwiftPackageReference section */
		A658C525260231CF00AF1AC0 /* XCRemoteSwiftPackageReference "FSCalendar" */ = {
			isa = XCRemoteSwiftPackageReference;
			repositoryURL = "https://github.com/WenchaoD/FSCalendar.git";
			requirement = {
				kind = upToNextMajorVersion;
				minimumVersion = 2.8.2;
			};
		};
/* End XCRemoteSwiftPackageReference section */

/* Begin XCSwiftPackageProductDependency section */
		A658C526260231CF00AF1AC0 /* FSCalendar */ = {
			isa = XCSwiftPackageProductDependency;
			package = A658C525260231CF00AF1AC0 /* XCRemoteSwiftPackageReference "FSCalendar" */;
			productName = FSCalendar;
		};
/* End XCSwiftPackageProductDependency section */
	};
	rootObject = A658C47025FBA2EB00AF1AC0 /* Project object */;
}
